<?xml version="1.0" encoding="utf-8"?>
<Project ToolsVersion="4.0" xmlns="http://schemas.microsoft.com/developer/msbuild/2003">
  <ItemGroup>
    <Filter Include="Runtime"><UniqueIdentifier>{1a02a2ca-b433-524c-b9e0-71c54efd172c}</UniqueIdentifier></Filter>
    <Filter Include="World"><UniqueIdentifier>{8c530571-b7e3-5a4b-801b-a4f8ef2688f2}</UniqueIdentifier></Filter>
    <Filter Include="Components"><UniqueIdentifier>{dc4fc592-e4ef-51d9-929d-95c74aea29f8}</UniqueIdentifier></Filter>
    <Filter Include="Scenes"><UniqueIdentifier>{0d350a08-1eb6-5c5e-86ce-7ec68171fffc}</UniqueIdentifier></Filter>
    <Filter Include="Rendering"><UniqueIdentifier>{8391c266-494a-5e3c-b5ca-086a4eec8cf7}</UniqueIdentifier></Filter>
  </ItemGroup>
  <ItemGroup>
    <ClCompile Include="Components\CameraComponent.cpp"><Filter>Components</Filter></ClCompile>
    <ClInclude Include="Components\CameraComponent.h"><Filter>Components</Filter></ClInclude>
    <ClCompile Include="Components\LightComponent.cpp"><Filter>Components</Filter></ClCompile>
    <ClInclude Include="Components\LightComponent.h"><Filter>Components</Filter></ClInclude>
    <ClCompile Include="Components\MeshComponentBase.cpp"><Filter>Components</Filter></ClCompile>
    <ClInclude Include="Components\MeshComponentBase.h"><Filter>Components</Filter></ClInclude>
    <ClCompile Include="Components\SceneComponent.cpp"><Filter>Components</Filter></ClCompile>
    <ClInclude Include="Components\SceneComponent.h"><Filter>Components</Filter></ClInclude>
    <ClCompile Include="Components\SkeletalMeshComponent.cpp"><Filter>Components</Filter></ClCompile>
    <ClInclude Include="Components\SkeletalMeshComponent.h"><Filter>Components</Filter></ClInclude>
    <ClInclude Include="Components\StaticMeshComponent.h"><Filter>Components</Filter></ClInclude>
    <ClCompile Include="Rendering\WorldRenderer.cpp"><Filter>Rendering</Filter></ClCompile>
    <ClInclude Include="Rendering\WorldRenderer.h"><Filter>Rendering</Filter></ClInclude>
    <ClCompile Include="Runtime\GameApplication.cpp"><Filter>Runtime</Filter></ClCompile>
    <ClInclude Include="Runtime\GameApplication.h"><Filter>Runtime</Filter></ClInclude>
    <ClCompile Include="Runtime\GameContext.cpp"><Filter>Runtime</Filter></ClCompile>
    <ClInclude Include="Runtime\GameContext.h"><Filter>Runtime</Filter></ClInclude>
    <ClInclude Include="Runtime\GameInput.h"><Filter>Runtime</Filter></ClInclude>
    <ClInclude Include="Runtime\IGame.h"><Filter>Runtime</Filter></ClInclude>
    <ClInclude Include="Scenes\AssetRefs.h"><Filter>Scenes</Filter></ClInclude>
    <ClCompile Include="Scenes\BuiltInComponents.cpp"><Filter>Scenes</Filter></ClCompile>
    <ClCompile Include="Scenes\ComponentRegistry.cpp"><Filter>Scenes</Filter></ClCompile>
    <ClInclude Include="Scenes\ComponentRegistry.h"><Filter>Scenes</Filter></ClInclude>
    <ClInclude Include="Scenes\SceneData.h"><Filter>Scenes</Filter></ClInclude>
    <ClInclude Include="Scenes\SceneReader.h"><Filter>Scenes</Filter></ClInclude>
    <ClCompile Include="World\Actor.cpp"><Filter>World</Filter></ClCompile>
    <ClInclude Include="World\Actor.h"><Filter>World</Filter></ClInclude>
    <ClCompile Include="World\Component.cpp"><Filter>World</Filter></ClCompile>
    <ClInclude Include="World\Component.h"><Filter>World</Filter></ClInclude>
    <ClCompile Include="World\Transform.cpp"><Filter>World</Filter></ClCompile>
    <ClInclude Include="World\Transform.h"><Filter>World</Filter></ClInclude>
    <ClCompile Include="World\World.cpp"><Filter>World</Filter></ClCompile>
    <ClInclude Include="World\World.h"><Filter>World</Filter></ClInclude>
  </ItemGroup>
</Project>
