<?xml version="1.0" encoding="utf-8"?>
<Project ToolsVersion="4.0" xmlns="http://schemas.microsoft.com/developer/msbuild/2003">
  <ItemGroup>
    <Filter Include="Components">
      <UniqueIdentifier>{dc4fc592-e4ef-51d9-929d-95c74aea29f8}</UniqueIdentifier>
    </Filter>
    <Filter Include="Diagnostics">
      <UniqueIdentifier>{9b7a1599-ce1d-56fb-a475-a4e63c803d84}</UniqueIdentifier>
    </Filter>
    <Filter Include="Input">
      <UniqueIdentifier>{8ef294ff-cc48-5ad1-83c0-3a3d6670e84b}</UniqueIdentifier>
    </Filter>
    <Filter Include="Runtime">
      <UniqueIdentifier>{1a02a2ca-b433-524c-b9e0-71c54efd172c}</UniqueIdentifier>
    </Filter>
    <Filter Include="Runtime\Internal">
      <UniqueIdentifier>{0d8a0812-cb24-5812-a1c5-37c1e30a74b6}</UniqueIdentifier>
    </Filter>
    <Filter Include="World">
      <UniqueIdentifier>{8c530571-b7e3-5a4b-801b-a4f8ef2688f2}</UniqueIdentifier>
    </Filter>
  </ItemGroup>
  <ItemGroup>
    <ClInclude Include="Components\CameraComponent.h">
      <Filter>Components</Filter>
    </ClInclude>
    <ClInclude Include="Components\Component.h">
      <Filter>Components</Filter>
    </ClInclude>
    <ClInclude Include="Components\LightComponent.h">
      <Filter>Components</Filter>
    </ClInclude>
    <ClInclude Include="Components\MeshComponentBase.h">
      <Filter>Components</Filter>
    </ClInclude>
    <ClInclude Include="Components\SkeletalMeshComponent.h">
      <Filter>Components</Filter>
    </ClInclude>
    <ClInclude Include="Components\StaticMeshComponent.h">
      <Filter>Components</Filter>
    </ClInclude>
    <ClInclude Include="Diagnostics\GameFrameworkLog.h">
      <Filter>Diagnostics</Filter>
    </ClInclude>
    <ClInclude Include="Input\GameInput.h">
      <Filter>Input</Filter>
    </ClInclude>
    <ClInclude Include="Runtime\GameApplication.h">
      <Filter>Runtime</Filter>
    </ClInclude>
    <ClInclude Include="Runtime\GameContext.h">
      <Filter>Runtime</Filter>
    </ClInclude>
    <ClInclude Include="Runtime\IGame.h">
      <Filter>Runtime</Filter>
    </ClInclude>
    <ClInclude Include="Runtime\Internal\GameLoop.h">
      <Filter>Runtime\Internal</Filter>
    </ClInclude>
    <ClInclude Include="World\Actor.h">
      <Filter>World</Filter>
    </ClInclude>
    <ClInclude Include="World\World.h">
      <Filter>World</Filter>
    </ClInclude>
  </ItemGroup>
  <ItemGroup>
    <ClCompile Include="Components\CameraComponent.cpp">
      <Filter>Components</Filter>
    </ClCompile>
    <ClCompile Include="Components\Component.cpp">
      <Filter>Components</Filter>
    </ClCompile>
    <ClCompile Include="Components\LightComponent.cpp">
      <Filter>Components</Filter>
    </ClCompile>
    <ClCompile Include="Components\MeshComponentBase.cpp">
      <Filter>Components</Filter>
    </ClCompile>
    <ClCompile Include="Components\SkeletalMeshComponent.cpp">
      <Filter>Components</Filter>
    </ClCompile>
    <ClCompile Include="Components\StaticMeshComponent.cpp">
      <Filter>Components</Filter>
    </ClCompile>
    <ClCompile Include="Diagnostics\GameFrameworkLog.cpp">
      <Filter>Diagnostics</Filter>
    </ClCompile>
    <ClCompile Include="Runtime\GameApplication.cpp">
      <Filter>Runtime</Filter>
    </ClCompile>
    <ClCompile Include="World\Actor.cpp">
      <Filter>World</Filter>
    </ClCompile>
    <ClCompile Include="World\World.cpp">
      <Filter>World</Filter>
    </ClCompile>
  </ItemGroup>
  <ItemGroup>
    <None Include="README.md" />
  </ItemGroup>
<ItemGroup><Filter Include="Scenes"><UniqueIdentifier>{59ed8998-4b27-4663-8ce4-dd1a46da6d66}</UniqueIdentifier></Filter></ItemGroup>
<ItemGroup><ClInclude Include="Scenes\ConnectionContext.h"><Filter>Scenes</Filter></ClInclude></ItemGroup>
<ItemGroup><ClInclude Include="Scenes\SceneDiagnostic.h"><Filter>Scenes</Filter></ClInclude></ItemGroup>
<ItemGroup><ClInclude Include="World\ObjectHandle.h"><Filter>World</Filter></ClInclude></ItemGroup>
<ItemGroup><ClCompile Include="Components\SceneComponent.cpp"><Filter>Components</Filter></ClCompile></ItemGroup>
<ItemGroup><ClInclude Include="Components\SceneComponent.h"><Filter>Components</Filter></ClInclude></ItemGroup>
<ItemGroup><ClInclude Include="Scenes\ComponentRegistry.h"><Filter>Scenes</Filter></ClInclude></ItemGroup>
<ItemGroup><ClCompile Include="Scenes\SceneBuilder.cpp"><Filter>Scenes</Filter></ClCompile></ItemGroup>
<ItemGroup><ClInclude Include="Scenes\SceneBuilder.h"><Filter>Scenes</Filter></ClInclude></ItemGroup>
<ItemGroup><ClInclude Include="Scenes\SceneDescription.h"><Filter>Scenes</Filter></ClInclude></ItemGroup>
<ItemGroup><ClInclude Include="World\TransformOperations.h"><Filter>World</Filter></ClInclude></ItemGroup>
</Project>
