<?xml version="1.0" encoding="utf-8"?>
<Project ToolsVersion="4.0" xmlns="http://schemas.microsoft.com/developer/msbuild/2003">
  <ItemGroup>
    <Filter Include="Animation">
      <UniqueIdentifier>{859E00A2-F108-B518-3A47-66BEA6F0926D}</UniqueIdentifier>
    </Filter>
    <Filter Include="AssetHandling">
      <UniqueIdentifier>{4A86DE7F-B646-5AB6-7F81-A333EB009F92}</UniqueIdentifier>
    </Filter>
    <Filter Include="BehaviourTree">
      <UniqueIdentifier>{3A7B31FB-A63B-AD31-6F76-F6AEDBF5F10D}</UniqueIdentifier>
    </Filter>
    <Filter Include="Components">
      <UniqueIdentifier>{6B7DD516-5735-1764-C03C-F0BFAC13B254}</UniqueIdentifier>
    </Filter>
    <Filter Include="Dependencies">
      <UniqueIdentifier>{6C01343A-5864-C3DE-01EA-FB94ED2B8F61}</UniqueIdentifier>
    </Filter>
    <Filter Include="Dependencies\nlohmann_json">
      <UniqueIdentifier>{AF308C81-9B40-3852-04FA-9C70F02827EB}</UniqueIdentifier>
    </Filter>
    <Filter Include="Dependencies\nlohmann_json\include">
      <UniqueIdentifier>{22975A3E-0ED3-5DA8-77E5-759F634006C3}</UniqueIdentifier>
    </Filter>
    <Filter Include="Dependencies\nlohmann_json\include\nlohmann">
      <UniqueIdentifier>{6C99D333-D8FE-66BA-61D7-0893CD3B5C29}</UniqueIdentifier>
    </Filter>
    <Filter Include="Helper">
      <UniqueIdentifier>{C53F33B7-B1E1-5D8D-9A9C-71E186DDE4DD}</UniqueIdentifier>
    </Filter>
    <Filter Include="Rendering">
      <UniqueIdentifier>{E3AE1F7C-4F19-D4F2-9857-85980401B247}</UniqueIdentifier>
    </Filter>
    <Filter Include="Scenes">
      <UniqueIdentifier>{86EEB3D0-7290-DEA6-5B4B-F2FA478C65F7}</UniqueIdentifier>
    </Filter>
    <Filter Include="Settings">
      <UniqueIdentifier>{F63FCA8A-E20C-2596-0B26-133EF7515A24}</UniqueIdentifier>
    </Filter>
    <Filter Include="SimdJson">
      <UniqueIdentifier>{0CA52CAD-F871-87B8-218B-75600DB7BC46}</UniqueIdentifier>
    </Filter>
    <Filter Include="UnrealSceneImporter">
      <UniqueIdentifier>{4C139078-B874-6D86-41E2-B338AD42A445}</UniqueIdentifier>
    </Filter>
    <Filter Include="World">
      <UniqueIdentifier>{4D25640E-B939-8CBF-82BB-2F1FEE8E88F0}</UniqueIdentifier>
    </Filter>
  </ItemGroup>
  <ItemGroup>
    <ClInclude Include="..\..\..\Dependencies\nlohmann_json\include\nlohmann\json.hpp">
      <Filter>Dependencies\nlohmann_json\include\nlohmann</Filter>
    </ClInclude>
    <ClInclude Include="Animation\AnimationManager.h">
      <Filter>Animation</Filter>
    </ClInclude>
    <ClInclude Include="Animation\AnimationState.h">
      <Filter>Animation</Filter>
    </ClInclude>
    <ClInclude Include="Animation\AnimationTree.h">
      <Filter>Animation</Filter>
    </ClInclude>
    <ClInclude Include="AssetHandling\AnimationAsset.h">
      <Filter>AssetHandling</Filter>
    </ClInclude>
    <ClInclude Include="AssetHandling\Asset.h">
      <Filter>AssetHandling</Filter>
    </ClInclude>
    <ClInclude Include="AssetHandling\AssetLoadingHelper.h">
      <Filter>AssetHandling</Filter>
    </ClInclude>
    <ClInclude Include="AssetHandling\AssetRegistry.h">
      <Filter>AssetHandling</Filter>
    </ClInclude>
    <ClInclude Include="AssetHandling\FontAsset.h">
      <Filter>AssetHandling</Filter>
    </ClInclude>
    <ClInclude Include="AssetHandling\MaterialAsset.h">
      <Filter>AssetHandling</Filter>
    </ClInclude>
    <ClInclude Include="AssetHandling\MeshAsset.h">
      <Filter>AssetHandling</Filter>
    </ClInclude>
    <ClInclude Include="AssetHandling\TextureAsset.h">
      <Filter>AssetHandling</Filter>
    </ClInclude>
    <ClInclude Include="AudioManager.h" />
    <ClInclude Include="BehaviourTree\ActionNode.h">
      <Filter>BehaviourTree</Filter>
    </ClInclude>
    <ClInclude Include="BehaviourTree\BTNode.h">
      <Filter>BehaviourTree</Filter>
    </ClInclude>
    <ClInclude Include="BehaviourTree\FallbackNode.h">
      <Filter>BehaviourTree</Filter>
    </ClInclude>
    <ClInclude Include="BehaviourTree\LeafNode.h">
      <Filter>BehaviourTree</Filter>
    </ClInclude>
    <ClInclude Include="BehaviourTree\SequenceNode.h">
      <Filter>BehaviourTree</Filter>
    </ClInclude>
    <ClInclude Include="Components\AnimatorComponent.h">
      <Filter>Components</Filter>
    </ClInclude>
    <ClInclude Include="Components\CameraComponent.h">
      <Filter>Components</Filter>
    </ClInclude>
    <ClInclude Include="Components\DebugCameraController.h">
      <Filter>Components</Filter>
    </ClInclude>
    <ClInclude Include="Components\LightComponent.h">
      <Filter>Components</Filter>
    </ClInclude>
    <ClInclude Include="Components\MeshComponentBase.h">
      <Filter>Components</Filter>
    </ClInclude>
    <ClInclude Include="Components\SceneComponent.h">
      <Filter>Components</Filter>
    </ClInclude>
    <ClInclude Include="Components\SkeletalMeshComponent.h">
      <Filter>Components</Filter>
    </ClInclude>
    <ClInclude Include="Components\StaticMeshComponent.h">
      <Filter>Components</Filter>
    </ClInclude>
    <ClInclude Include="GameFrameworkLog.h" />
    <ClInclude Include="Helper\Event.hpp">
      <Filter>Helper</Filter>
    </ClInclude>
    <ClInclude Include="Rendering\WorldRenderer.h">
      <Filter>Rendering</Filter>
    </ClInclude>
    <ClInclude Include="Scenes\SceneData.h">
      <Filter>Scenes</Filter>
    </ClInclude>
    <ClInclude Include="Scenes\WorldFromSceneData.h">
      <Filter>Scenes</Filter>
    </ClInclude>
    <ClInclude Include="ServiceLocator.h" />
    <ClInclude Include="Settings\EngineSettings.h">
      <Filter>Settings</Filter>
    </ClInclude>
    <ClInclude Include="Settings\InputSettingsApplier.h">
      <Filter>Settings</Filter>
    </ClInclude>
    <ClInclude Include="Settings\WindowSettings.h">
      <Filter>Settings</Filter>
    </ClInclude>
    <ClInclude Include="SimdJson\simdjson.h">
      <Filter>SimdJson</Filter>
    </ClInclude>
    <ClInclude Include="UnrealSceneImporter\UnrealSceneImporter.h">
      <Filter>UnrealSceneImporter</Filter>
    </ClInclude>
    <ClInclude Include="UnrealSceneImporter\UnrealSceneStructs.h">
      <Filter>UnrealSceneImporter</Filter>
    </ClInclude>
    <ClInclude Include="World\Actor.h">
      <Filter>World</Filter>
    </ClInclude>
    <ClInclude Include="World\Component.h">
      <Filter>World</Filter>
    </ClInclude>
    <ClInclude Include="World\Transform.h">
      <Filter>World</Filter>
    </ClInclude>
    <ClInclude Include="World\World.h">
      <Filter>World</Filter>
    </ClInclude>
  </ItemGroup>
  <ItemGroup>
    <ClCompile Include="Animation\AnimationManager.cpp">
      <Filter>Animation</Filter>
    </ClCompile>
    <ClCompile Include="Animation\AnimationState.cpp">
      <Filter>Animation</Filter>
    </ClCompile>
    <ClCompile Include="Animation\AnimationTree.cpp">
      <Filter>Animation</Filter>
    </ClCompile>
    <ClCompile Include="AssetHandling\AnimationAsset.cpp">
      <Filter>AssetHandling</Filter>
    </ClCompile>
    <ClCompile Include="AssetHandling\Asset.cpp">
      <Filter>AssetHandling</Filter>
    </ClCompile>
    <ClCompile Include="AssetHandling\AssetLoadingHelper.cpp">
      <Filter>AssetHandling</Filter>
    </ClCompile>
    <ClCompile Include="AssetHandling\AssetRegistry.cpp">
      <Filter>AssetHandling</Filter>
    </ClCompile>
    <ClCompile Include="AssetHandling\FontAsset.cpp">
      <Filter>AssetHandling</Filter>
    </ClCompile>
    <ClCompile Include="AssetHandling\MaterialAsset.cpp">
      <Filter>AssetHandling</Filter>
    </ClCompile>
    <ClCompile Include="AssetHandling\MeshAsset.cpp">
      <Filter>AssetHandling</Filter>
    </ClCompile>
    <ClCompile Include="AssetHandling\TextureAsset.cpp">
      <Filter>AssetHandling</Filter>
    </ClCompile>
    <ClCompile Include="AudioManager.cpp" />
    <ClCompile Include="BehaviourTree\FallbackNode.cpp">
      <Filter>BehaviourTree</Filter>
    </ClCompile>
    <ClCompile Include="BehaviourTree\SequenceNode.cpp">
      <Filter>BehaviourTree</Filter>
    </ClCompile>
    <ClCompile Include="Components\AnimatorComponent.cpp">
      <Filter>Components</Filter>
    </ClCompile>
    <ClCompile Include="Components\CameraComponent.cpp">
      <Filter>Components</Filter>
    </ClCompile>
    <ClCompile Include="Components\DebugCameraController.cpp">
      <Filter>Components</Filter>
    </ClCompile>
    <ClCompile Include="Components\LightComponent.cpp">
      <Filter>Components</Filter>
    </ClCompile>
    <ClCompile Include="Components\MeshComponentBase.cpp">
      <Filter>Components</Filter>
    </ClCompile>
    <ClCompile Include="Components\SceneComponent.cpp">
      <Filter>Components</Filter>
    </ClCompile>
    <ClCompile Include="Components\SkeletalMeshComponent.cpp">
      <Filter>Components</Filter>
    </ClCompile>
    <ClCompile Include="GameFrameworkLog.cpp" />
    <ClCompile Include="Rendering\WorldRenderer.cpp">
      <Filter>Rendering</Filter>
    </ClCompile>
    <ClCompile Include="Scenes\WorldFromSceneData.cpp">
      <Filter>Scenes</Filter>
    </ClCompile>
    <ClCompile Include="ServiceLocator.cpp" />
    <ClCompile Include="Settings\EngineSettings.cpp">
      <Filter>Settings</Filter>
    </ClCompile>
    <ClCompile Include="Settings\InputSettingsApplier.cpp">
      <Filter>Settings</Filter>
    </ClCompile>
    <ClCompile Include="Settings\WindowSettings.cpp">
      <Filter>Settings</Filter>
    </ClCompile>
    <ClCompile Include="SimdJson\simdjson.cpp">
      <Filter>SimdJson</Filter>
    </ClCompile>
    <ClCompile Include="UnrealSceneImporter\UnrealSceneImporter.cpp">
      <Filter>UnrealSceneImporter</Filter>
    </ClCompile>
    <ClCompile Include="World\Actor.cpp">
      <Filter>World</Filter>
    </ClCompile>
    <ClCompile Include="World\Component.cpp">
      <Filter>World</Filter>
    </ClCompile>
    <ClCompile Include="World\Transform.cpp">
      <Filter>World</Filter>
    </ClCompile>
    <ClCompile Include="World\World.cpp">
      <Filter>World</Filter>
    </ClCompile>
  </ItemGroup>
</Project>