<?xml version="1.0" encoding="utf-8"?>
<Project ToolsVersion="4.0" xmlns="http://schemas.microsoft.com/developer/msbuild/2003">
  <ItemGroup>
    <Filter Include="Source Files">
      <UniqueIdentifier>{4FC737F1-C7A5-4376-A066-2A32D752A2FF}</UniqueIdentifier>
      <Extensions>cpp;c;cc;cxx;c++;cppm;ixx;def;odl;idl;hpj;bat;asm;asmx</Extensions>
    </Filter>
    <Filter Include="Header Files">
      <UniqueIdentifier>{93995380-89BD-4b04-88EB-625FBE52EBFB}</UniqueIdentifier>
      <Extensions>h;hh;hpp;hxx;h++;hm;inl;inc;ipp;xsd</Extensions>
    </Filter>
    <Filter Include="Resource Files">
      <UniqueIdentifier>{67DA6AB6-F800-4c08-8B7A-83BB121AAD01}</UniqueIdentifier>
      <Extensions>rc;ico;cur;bmp;dlg;rc2;rct;bin;rgs;gif;jpg;jpeg;jpe;resx;tiff;tif;png;wav;mfcribbon-ms</Extensions>
    </Filter>
  </ItemGroup>
  <ItemGroup>
    <ClInclude Include="GraphicsEngine.h">
      <Filter>Header Files</Filter>
    </ClInclude>
    <ClInclude Include="GraphicsEngine.pch.h">
      <Filter>Header Files</Filter>
    </ClInclude>
    <ClInclude Include="RHI\RenderHardwareInterface.h">
      <Filter>Header Files</Filter>
    </ClInclude>
    <ClInclude Include="Objects\Texture.h">
      <Filter>Header Files</Filter>
    </ClInclude>
    <ClInclude Include="RHI\RHIStructs.h">
      <Filter>Header Files</Filter>
    </ClInclude>
    <ClInclude Include="Objects\Vertex.h">
      <Filter>Header Files</Filter>
    </ClInclude>
    <ClInclude Include="Objects\Buffer.h">
      <Filter>Header Files</Filter>
    </ClInclude>
    <ClInclude Include="Objects\Camera.h">
      <Filter>Header Files</Filter>
    </ClInclude>
    <ClInclude Include="Objects\Mesh.h">
      <Filter>Header Files</Filter>
    </ClInclude>
    <ClInclude Include="ConstantBuffers\FrameBuffer.h">
      <Filter>Header Files</Filter>
    </ClInclude>
    <ClInclude Include="ConstantBuffers\ObjectBuffer.h">
      <Filter>Header Files</Filter>
    </ClInclude>
    <ClInclude Include="RHI\PipelineStateObject.h">
      <Filter>Header Files</Filter>
    </ClInclude>
    <ClInclude Include="RHI\GraphicsCommandList.h">
      <Filter>Header Files</Filter>
    </ClInclude>
    <ClInclude Include="ConstantBuffers\AnimationBuffer.h">
      <Filter>Header Files</Filter>
    </ClInclude>
    <ClInclude Include="ConstantBuffers\LightBuffer.h">
      <Filter>Header Files</Filter>
    </ClInclude>
    <ClInclude Include="Materials\MaterialHelpers.h">
      <Filter>Header Files</Filter>
    </ClInclude>
    <ClInclude Include="Materials\MaterialInterface.h">
      <Filter>Header Files</Filter>
    </ClInclude>
    <ClInclude Include="Materials\MaterialShaderIncludeHandler.h">
      <Filter>Header Files</Filter>
    </ClInclude>
    <ClInclude Include="Materials\Material.h">
      <Filter>Header Files</Filter>
    </ClInclude>
    <ClInclude Include="Objects\Shader.h">
      <Filter>Header Files</Filter>
    </ClInclude>
    <ClInclude Include="RHI\RHIShaderReflectionInfo.h">
      <Filter>Header Files</Filter>
    </ClInclude>
    <ClInclude Include="Objects\Sampler.h">
      <Filter>Header Files</Filter>
    </ClInclude>
    <ClInclude Include="InterOp\DDSTextureLoader11.h">
      <Filter>Header Files</Filter>
    </ClInclude>
  </ItemGroup>
  <ItemGroup>
    <ClCompile Include="GraphicsEngine.cpp">
      <Filter>Source Files</Filter>
    </ClCompile>
    <ClCompile Include="GraphicsEngine.pch.cpp">
      <Filter>Source Files</Filter>
    </ClCompile>
    <ClCompile Include="RHI\RenderHardwareInterface.cpp">
      <Filter>Source Files</Filter>
    </ClCompile>
    <ClCompile Include="Objects\Texture.cpp">
      <Filter>Source Files</Filter>
    </ClCompile>
    <ClCompile Include="Objects\Buffer.cpp">
      <Filter>Source Files</Filter>
    </ClCompile>
    <ClCompile Include="Objects\Vertex.cpp">
      <Filter>Source Files</Filter>
    </ClCompile>
    <ClCompile Include="Objects\Camera.cpp">
      <Filter>Source Files</Filter>
    </ClCompile>
    <ClCompile Include="Objects\Mesh.cpp">
      <Filter>Source Files</Filter>
    </ClCompile>
    <ClCompile Include="ConstantBuffers\FrameBuffer.cpp">
      <Filter>Source Files</Filter>
    </ClCompile>
    <ClCompile Include="ConstantBuffers\ObjectBuffer.cpp">
      <Filter>Source Files</Filter>
    </ClCompile>
    <ClCompile Include="RHI\PipelineStateObject.cpp">
      <Filter>Source Files</Filter>
    </ClCompile>
    <ClCompile Include="RHI\GraphicsCommandList.cpp">
      <Filter>Source Files</Filter>
    </ClCompile>
    <ClCompile Include="Materials\MaterialInterface.cpp">
      <Filter>Source Files</Filter>
    </ClCompile>
    <ClCompile Include="Materials\MaterialShaderIncludeHandler.cpp">
      <Filter>Source Files</Filter>
    </ClCompile>
    <ClCompile Include="Materials\Material.cpp">
      <Filter>Source Files</Filter>
    </ClCompile>
    <ClCompile Include="Objects\Shader.cpp">
      <Filter>Source Files</Filter>
    </ClCompile>
    <ClCompile Include="RHI\RHIShaderReflectionInfo.cpp">
      <Filter>Source Files</Filter>
    </ClCompile>
    <ClCompile Include="Objects\Sampler.cpp">
      <Filter>Source Files</Filter>
    </ClCompile>
    <ClCompile Include="InterOp\DDSTextureLoader11.cpp">
      <Filter>Source Files</Filter>
    </ClCompile>
  </ItemGroup>
  <ItemGroup>
    <FxCompile Include="Shaders\Material\Surface_VS.hlsl" />
    <FxCompile Include="Shaders\Material\Unlit_PS.hlsl" />
    <FxCompile Include="Shaders\Material\Lit_PS.hlsl" />
  </ItemGroup>
  <ItemGroup>
    <None Include="Shaders\Internal\BRDF_LUT_PS.hlsl" />
    <None Include="Shaders\Internal\FullTexture_VS.hlsl" />
    <None Include="Shaders\Internal\PointShadow_GS.hlsl" />
    <None Include="Shaders\Material\Common.hlsli" />
    <None Include="Shaders\Material\MaterialParameters.hlsli" />
    <None Include="Shaders\Material\Material.hlsli" />
    <None Include="Shaders\Material\Lighting.hlsli" />
    <None Include="Shaders\Material\MaterialTextures.hlsli" />
    <None Include="Shaders\Material\PBR.hlsli" />
    <None Include="Shaders\Material\PoissonDisks.hlsli" />
    <None Include="Shaders\Material\Samplers.hlsli" />
    <None Include="Shaders\Material\ShadowSampling.hlsli" />
  </ItemGroup>
</Project>
